
Microsoft Visual Studio Solution File, Format Version 12.00
# Visual Studio 15
VisualStudioVersion = 15.0.27130.2003
MinimumVisualStudioVersion = 10.0.40219.1
Project("{8BC9CEB8-8B4A-11D0-8D11-00A0C91BC942}") = "Kursova", "Kursova\Kursova.vcxproj", "{CE564798-54F2-452D-A375-A4C3E210BF4C}"
EndProject
Global
	GlobalSection(SolutionConfigurationPlatforms) = preSolution
		Debug|x64 = Debug|x64
		Debug|x86 = Debug|x86
		Release|x64 = Release|x64
		Release|x86 = Release|x86
	EndGlobalSection
	GlobalSection(ProjectConfigurationPlatforms) = postSolution
		{CE564798-54F2-452D-A375-A4C3E210BF4C}.Debug|x64.ActiveCfg = Debug|x64
		{CE564798-54F2-452D-A375-A4C3E210BF4C}.Debug|x64.Build.0 = Debug|x64
		{CE564798-54F2-452D-A375-A4C3E210BF4C}.Debug|x86.ActiveCfg = Debug|Win32
		{CE564798-54F2-452D-A375-A4C3E210BF4C}.Debug|x86.Build.0 = Debug|Win32
		{CE564798-54F2-452D-A375-A4C3E210BF4C}.Release|x64.ActiveCfg = Release|x64
		{CE564798-54F2-452D-A375-A4C3E210BF4C}.Release|x64.Build.0 = Release|x64
		{CE564798-54F2-452D-A375-A4C3E210BF4C}.Release|x86.ActiveCfg = Release|Win32
		{CE564798-54F2-452D-A375-A4C3E210BF4C}.Release|x86.Build.0 = Release|Win32
	EndGlobalSection
	GlobalSection(SolutionProperties) = preSolution
		HideSolutionNode = FALSE
	EndGlobalSection
	GlobalSection(ExtensibilityGlobals) = postSolution
		SolutionGuid = {A5BC6FF0-BAA3-4602-86BC-6D0F6C3E90EA}
	EndGlobalSection
EndGlobal
